
Microsoft Visual Studio Solution File, Format Version 12.00
# Visual Studio Version 16
VisualStudioVersion = 16.0.34407.143
MinimumVisualStudioVersion = 10.0.40219.1
Project("{FAE04EC0-301F-11D3-BF4B-00C04F79EFBC}") = "Sergioteacher.Csharp06.enlace01", "Sergioteacher.Csharp06.enlace01\Sergioteacher.Csharp06.enlace01.csproj", "{142F4532-1E70-4F87-A7F8-E7677F0CEF9B}"
EndProject
Global
	GlobalSection(SolutionConfigurationPlatforms) = preSolution
		Debug|Any CPU = Debug|Any CPU
		Release|Any CPU = Release|Any CPU
	EndGlobalSection
	GlobalSection(ProjectConfigurationPlatforms) = postSolution
		{142F4532-1E70-4F87-A7F8-E7677F0CEF9B}.Debug|Any CPU.ActiveCfg = Debug|Any CPU
		{142F4532-1E70-4F87-A7F8-E7677F0CEF9B}.Debug|Any CPU.Build.0 = Debug|Any CPU
		{142F4532-1E70-4F87-A7F8-E7677F0CEF9B}.Release|Any CPU.ActiveCfg = Release|Any CPU
		{142F4532-1E70-4F87-A7F8-E7677F0CEF9B}.Release|Any CPU.Build.0 = Release|Any CPU
	EndGlobalSection
	GlobalSection(SolutionProperties) = preSolution
		HideSolutionNode = FALSE
	EndGlobalSection
	GlobalSection(ExtensibilityGlobals) = postSolution
		SolutionGuid = {D40CF31F-4D23-4DF0-AC17-C477CC9B7E41}
	EndGlobalSection
EndGlobal
